
Microsoft Visual Studio Solution File, Format Version 12.00
# Visual Studio 2012
Project("{FAE04EC0-301F-11D3-BF4B-00C04F79EFBC}") = "MvcUtilities", "MvcUtilities\MvcUtilities.csproj", "{59DF337E-B3F2-47DF-9B6F-FAEA34F20DDF}"
EndProject
Global
	GlobalSection(SolutionConfigurationPlatforms) = preSolution
		Debug|Any CPU = Debug|Any CPU
		Release|Any CPU = Release|Any CPU
	EndGlobalSection
	GlobalSection(ProjectConfigurationPlatforms) = postSolution
		{59DF337E-B3F2-47DF-9B6F-FAEA34F20DDF}.Debug|Any CPU.ActiveCfg = Debug|Any CPU
		{59DF337E-B3F2-47DF-9B6F-FAEA34F20DDF}.Debug|Any CPU.Build.0 = Debug|Any CPU
		{59DF337E-B3F2-47DF-9B6F-FAEA34F20DDF}.Release|Any CPU.ActiveCfg = Release|Any CPU
		{59DF337E-B3F2-47DF-9B6F-FAEA34F20DDF}.Release|Any CPU.Build.0 = Release|Any CPU
	EndGlobalSection
	GlobalSection(SolutionProperties) = preSolution
		HideSolutionNode = FALSE
	EndGlobalSection
EndGlobal
